// !$*UTF8*$!
{
	archiveVersion = 1;
	classes = {
	};
	objectVersion = 50;
	objects = {

/* Begin PBXBuildFile section */
		40D14CC322F760C200A5A1CA /* AppDelegate.swift in Sources */ = {isa = PBXBuildFile; fileRef = 40D14CC222F760C200A5A1CA /* AppDelegate.swift */; };
		40D14CC522F760C200A5A1CA /* SceneDelegate.swift in Sources */ = {isa = PBXBuildFile; fileRef = 40D14CC422F760C200A5A1CA /* SceneDelegate.swift */; };
		40D14CC722F760C200A5A1CA /* ContentView.swift in Sources */ = {isa = PBXBuildFile; fileRef = 40D14CC622F760C200A5A1CA /* ContentView.swift */; };
		40D14CC922F760C400A5A1CA /* Assets.xcassets in Resources */ = {isa = PBXBuildFile; fileRef = 40D14CC822F760C400A5A1CA /* Assets.xcassets */; };
		40D14CCC22F760C400A5A1CA /* Preview Assets.xcassets in Resources */ = {isa = PBXBuildFile; fileRef = 40D14CCB22F760C400A5A1CA /* Preview Assets.xcassets */; };
		40D14CCF22F760C400A5A1CA /* LaunchScreen.storyboard in Resources */ = {isa = PBXBuildFile; fileRef = 40D14CCD22F760C400A5A1CA /* LaunchScreen.storyboard */; };
/* End PBXBuildFile section */

/* Begin PBXFileReference section */
		40D14CBF22F760C200A5A1CA /* CatCorner.app */ = {isa = PBXFileReference; explicitFileType = wrapper.application; includeInIndex = 0; path = CatCorner.app; sourceTree = BUILT_PRODUCTS_DIR; };
		40D14CC222F760C200A5A1CA /* AppDelegate.swift */ = {isa = PBXFileReference; lastKnownFileType = sourcecode.swift; path = AppDelegate.swift; sourceTree = "<group>"; };
		40D14CC422F760C200A5A1CA /* SceneDelegate.swift */ = {isa = PBXFileReference; lastKnownFileType = sourcecode.swift; path = SceneDelegate.swift; sourceTree = "<group>"; };
		40D14CC622F760C200A5A1CA /* ContentView.swift */ = {isa = PBXFileReference; lastKnownFileType = sourcecode.swift; path = ContentView.swift; sourceTree = "<group>"; };
		40D14CC822F760C400A5A1CA /* Assets.xcassets */ = {isa = PBXFileReference; lastKnownFileType = folder.assetcatalog; path = Assets.xcassets; sourceTree = "<group>"; };
		40D14CCB22F760C400A5A1CA /* Preview Assets.xcassets */ = {isa = PBXFileReference; lastKnownFileType = folder.assetcatalog; path = "Preview Assets.xcassets"; sourceTree = "<group>"; };
		40D14CCE22F760C400A5A1CA /* Base */ = {isa = PBXFileReference; lastKnownFileType = file.storyboard; name = Base; path = Base.lproj/LaunchScreen.storyboard; sourceTree = "<group>"; };
		40D14CD022F760C400A5A1CA /* Info.plist */ = {isa = PBXFileReference; lastKnownFileType = text.plist.xml; path = Info.plist; sourceTree = "<group>"; };
/* End PBXFileReference section */

/* Begin PBXFrameworksBuildPhase section */
		40D14CBC22F760C200A5A1CA /* Frameworks */ = {
			isa = PBXFrameworksBuildPhase;
			buildActionMask = 2147483647;
			files = (
			);
			runOnlyForDeploymentPostprocessing = 0;
		};
/* End PBXFrameworksBuildPhase section */

/* Begin PBXGroup section */
		40D14CB622F760C200A5A1CA = {
			isa = PBXGroup;
			children = (
				40D14CC122F760C200A5A1CA /* CatCorner */,
				40D14CC022F760C200A5A1CA /* Products */,
			);
			sourceTree = "<group>";
		};
		40D14CC022F760C200A5A1CA /* Products */ = {
			isa = PBXGroup;
			children = (
				40D14CBF22F760C200A5A1CA /* CatCorner.app */,
			);
			name = Products;
			sourceTree = "<group>";
		};
		40D14CC122F760C200A5A1CA /* CatCorner */ = {
			isa = PBXGroup;
			children = (
				40D14CC222F760C200A5A1CA /* AppDelegate.swift */,
				40D14CC422F760C200A5A1CA /* SceneDelegate.swift */,
				40D14CC622F760C200A5A1CA /* ContentView.swift */,
				40D14CC822F760C400A5A1CA /* Assets.xcassets */,
				40D14CCD22F760C400A5A1CA /* LaunchScreen.storyboard */,
				40D14CD022F760C400A5A1CA /* Info.plist */,
				40D14CCA22F760C400A5A1CA /* Preview Content */,
			);
			path = CatCorner;
			sourceTree = "<group>";
		};
		40D14CCA22F760C400A5A1CA /* Preview Content */ = {
			isa = PBXGroup;
			children = (
				40D14CCB22F760C400A5A1CA /* Preview Assets.xcassets */,
			);
			path = "Preview Content";
			sourceTree = "<group>";
		};
/* End PBXGroup section */

/* Begin PBXNativeTarget section */
		40D14CBE22F760C200A5A1CA /* CatCorner */ = {
			isa = PBXNativeTarget;
			buildConfigurationList = 40D14CD322F760C400A5A1CA /* Build configuration list for PBXNativeTarget "CatCorner" */;
			buildPhases = (
				40D14CBB22F760C200A5A1CA /* Sources */,
				40D14CBC22F760C200A5A1CA /* Frameworks */,
				40D14CBD22F760C200A5A1CA /* Resources */,
			);
			buildRules = (
			);
			dependencies = (
			);
			name = CatCorner;
			productName = CatCorner;
			productReference = 40D14CBF22F760C200A5A1CA /* CatCorner.app */;
			productType = "com.apple.product-type.application";
		};
/* End PBXNativeTarget section */

/* Begin PBXProject section */
		40D14CB722F760C200A5A1CA /* Project object */ = {
			isa = PBXProject;
			attributes = {
				LastSwiftUpdateCheck = 1100;
				LastUpgradeCheck = 1100;
				ORGANIZATIONNAME = Blynkode;
				TargetAttributes = {
					40D14CBE22F760C200A5A1CA = {
						CreatedOnToolsVersion = 11.0;
					};
				};
			};
			buildConfigurationList = 40D14CBA22F760C200A5A1CA /* Build configuration list for PBXProject "CatCorner" */;
			compatibilityVersion = "Xcode 9.3";
			developmentRegion = en;
			hasScannedForEncodings = 0;
			knownRegions = (
				en,
				Base,
			);
			mainGroup = 40D14CB622F760C200A5A1CA;
			productRefGroup = 40D14CC022F760C200A5A1CA /* Products */;
			projectDirPath = "";
			projectRoot = "";
			targets = (
				40D14CBE22F760C200A5A1CA /* CatCorner */,
			);
		};
/* End PBXProject section */

/* Begin PBXResourcesBuildPhase section */
		40D14CBD22F760C200A5A1CA /* Resources */ = {
			isa = PBXResourcesBuildPhase;
			buildActionMask = 2147483647;
			files = (
				40D14CCF22F760C400A5A1CA /* LaunchScreen.storyboard in Resources */,
				40D14CCC22F760C400A5A1CA /* Preview Assets.xcassets in Resources */,
				40D14CC922F760C400A5A1CA /* Assets.xcassets in Resources */,
			);
			runOnlyForDeploymentPostprocessing = 0;
		};
/* End PBXResourcesBuildPhase section */

/* Begin PBXSourcesBuildPhase section */
		40D14CBB22F760C200A5A1CA /* Sources */ = {
			isa = PBXSourcesBuildPhase;
			buildActionMask = 2147483647;
			files = (
				40D14CC322F760C200A5A1CA /* AppDelegate.swift in Sources */,
				40D14CC522F760C200A5A1CA /* SceneDelegate.swift in Sources */,
				40D14CC722F760C200A5A1CA /* ContentView.swift in Sources */,
			);
			runOnlyForDeploymentPostprocessing = 0;
		};
/* End PBXSourcesBuildPhase section */

/* Begin PBXVariantGroup section */
		40D14CCD22F760C400A5A1CA /* LaunchScreen.storyboard */ = {
			isa = PBXVariantGroup;
			children = (
				40D14CCE22F760C400A5A1CA /* Base */,
			);
			name = LaunchScreen.storyboard;
			sourceTree = "<group>";
		};
/* End PBXVariantGroup section */

/* Begin XCBuildConfiguration section */
		40D14CD122F760C400A5A1CA /* Debug */ = {
			isa = XCBuildConfiguration;
			buildSettings = {
				ALWAYS_SEARCH_USER_PATHS = NO;
				CLANG_ANALYZER_NONNULL = YES;
				CLANG_ANALYZER_NUMBER_OBJECT_CONVERSION = YES_AGGRESSIVE;
				CLANG_CXX_LANGUAGE_STANDARD = "gnu++14";
				CLANG_CXX_LIBRARY = "libc++";
				CLANG_ENABLE_MODULES = YES;
				CLANG_ENABLE_OBJC_ARC = YES;
				CLANG_ENABLE_OBJC_WEAK = YES;
				CLANG_WARN_BLOCK_CAPTURE_AUTORELEASING = YES;
				CLANG_WARN_BOOL_CONVERSION = YES;
				CLANG_WARN_COMMA = YES;
				CLANG_WARN_CONSTANT_CONVERSION = YES;
				CLANG_WARN_DEPRECATED_OBJC_IMPLEMENTATIONS = YES;
				CLANG_WARN_DIRECT_OBJC_ISA_USAGE = YES_ERROR;
				CLANG_WARN_DOCUMENTATION_COMMENTS = YES;
				CLANG_WARN_EMPTY_BODY = YES;
				CLANG_WARN_ENUM_CONVERSION = YES;
				CLANG_WARN_INFINITE_RECURSION = YES;
				CLANG_WARN_INT_CONVERSION = YES;
				CLANG_WARN_NON_LITERAL_NULL_CONVERSION = YES;
				CLANG_WARN_OBJC_IMPLICIT_RETAIN_SELF = YES;
				CLANG_WARN_OBJC_LITERAL_CONVERSION = YES;
				CLANG_WARN_OBJC_ROOT_CLASS = YES_ERROR;
				CLANG_WARN_RANGE_LOOP_ANALYSIS = YES;
				CLANG_WARN_STRICT_PROTOTYPES = YES;
				CLANG_WARN_SUSPICIOUS_MOVE = YES;
				CLANG_WARN_UNGUARDED_AVAILABILITY = YES_AGGRESSIVE;
				CLANG_WARN_UNREACHABLE_CODE = YES;
				CLANG_WARN__DUPLICATE_METHOD_MATCH = YES;
				COPY_PHASE_STRIP = NO;
				DEBUG_INFORMATION_FORMAT = dwarf;
				ENABLE_STRICT_OBJC_MSGSEND = YES;
				ENABLE_TESTABILITY = YES;
				GCC_C_LANGUAGE_STANDARD = gnu11;
				GCC_DYNAMIC_NO_PIC = NO;
				GCC_NO_COMMON_BLOCKS = YES;
				GCC_OPTIMIZATION_LEVEL = 0;
				GCC_PREPROCESSOR_DEFINITIONS = (
					"DEBUG=1",
					"$(inherited)",
				);
				GCC_WARN_64_TO_32_BIT_CONVERSION = YES;
				GCC_WARN_ABOUT_RETURN_TYPE = YES_ERROR;
				GCC_WARN_UNDECLARED_SELECTOR = YES;
				GCC_WARN_UNINITIALIZED_AUTOS = YES_AGGRESSIVE;
				GCC_WARN_UNUSED_FUNCTION = YES;
				GCC_WARN_UNUSED_VARIABLE = YES;
				IPHONEOS_DEPLOYMENT_TARGET = 13.0;
				MTL_ENABLE_DEBUG_INFO = INCLUDE_SOURCE;
				MTL_FAST_MATH = YES;
				ONLY_ACTIVE_ARCH = YES;
				SDKROOT = iphoneos;
				SWIFT_ACTIVE_COMPILATION_CONDITIONS = DEBUG;
				SWIFT_OPTIMIZATION_LEVEL = "-Onone";
			};
			name = Debug;
		};
		40D14CD222F760C400A5A1CA /* Release */ = {
			isa = XCBuildConfiguration;
			buildSettings = {
				ALWAYS_SEARCH_USER_PATHS = NO;
				CLANG_ANALYZER_NONNULL = YES;
				CLANG_ANALYZER_NUMBER_OBJECT_CONVERSION = YES_AGGRESSIVE;
				CLANG_CXX_LANGUAGE_STANDARD = "gnu++14";
				CLANG_CXX_LIBRARY = "libc++";
				CLANG_ENABLE_MODULES = YES;
				CLANG_ENABLE_OBJC_ARC = YES;
				CLANG_ENABLE_OBJC_WEAK = YES;
				CLANG_WARN_BLOCK_CAPTURE_AUTORELEASING = YES;
				CLANG_WARN_BOOL_CONVERSION = YES;
				CLANG_WARN_COMMA = YES;
				CLANG_WARN_CONSTANT_CONVERSION = YES;
				CLANG_WARN_DEPRECATED_OBJC_IMPLEMENTATIONS = YES;
				CLANG_WARN_DIRECT_OBJC_ISA_USAGE = YES_ERROR;
				CLANG_WARN_DOCUMENTATION_COMMENTS = YES;
				CLANG_WARN_EMPTY_BODY = YES;
				CLANG_WARN_ENUM_CONVERSION = YES;
				CLANG_WARN_INFINITE_RECURSION = YES;
				CLANG_WARN_INT_CONVERSION = YES;
				CLANG_WARN_NON_LITERAL_NULL_CONVERSION = YES;
				CLANG_WARN_OBJC_IMPLICIT_RETAIN_SELF = YES;
				CLANG_WARN_OBJC_LITERAL_CONVERSION = YES;
				CLANG_WARN_OBJC_ROOT_CLASS = YES_ERROR;
				CLANG_WARN_RANGE_LOOP_ANALYSIS = YES;
				CLANG_WARN_STRICT_PROTOTYPES = YES;
				CLANG_WARN_SUSPICIOUS_MOVE = YES;
				CLANG_WARN_UNGUARDED_AVAILABILITY = YES_AGGRESSIVE;
				CLANG_WARN_UNREACHABLE_CODE = YES;
				CLANG_WARN__DUPLICATE_METHOD_MATCH = YES;
				COPY_PHASE_STRIP = NO;
				DEBUG_INFORMATION_FORMAT = "dwarf-with-dsym";
				ENABLE_NS_ASSERTIONS = NO;
				ENABLE_STRICT_OBJC_MSGSEND = YES;
				GCC_C_LANGUAGE_STANDARD = gnu11;
				GCC_NO_COMMON_BLOCKS = YES;
				GCC_WARN_64_TO_32_BIT_CONVERSION = YES;
				GCC_WARN_ABOUT_RETURN_TYPE = YES_ERROR;
				GCC_WARN_UNDECLARED_SELECTOR = YES;
				GCC_WARN_UNINITIALIZED_AUTOS = YES_AGGRESSIVE;
				GCC_WARN_UNUSED_FUNCTION = YES;
				GCC_WARN_UNUSED_VARIABLE = YES;
				IPHONEOS_DEPLOYMENT_TARGET = 13.0;
				MTL_ENABLE_DEBUG_INFO = NO;
				MTL_FAST_MATH = YES;
				SDKROOT = iphoneos;
				SWIFT_COMPILATION_MODE = wholemodule;
				SWIFT_OPTIMIZATION_LEVEL = "-O";
				VALIDATE_PRODUCT = YES;
			};
			name = Release;
		};
		40D14CD422F760C400A5A1CA /* Debug */ = {
			isa = XCBuildConfiguration;
			buildSettings = {
				ASSETCATALOG_COMPILER_APPICON_NAME = AppIcon;
				CODE_SIGN_STYLE = Manual;
				DEVELOPMENT_ASSET_PATHS = "CatCorner/Preview\\ Content";
				DEVELOPMENT_TEAM = "";
				ENABLE_PREVIEWS = YES;
				INFOPLIST_FILE = CatCorner/Info.plist;
				LD_RUNPATH_SEARCH_PATHS = (
					"$(inherited)",
					"@executable_path/Frameworks",
				);
				PRODUCT_BUNDLE_IDENTIFIER = "";
				PRODUCT_NAME = "$(TARGET_NAME)";
				PROVISIONING_PROFILE_SPECIFIER = "";
				SWIFT_VERSION = 5.0;
				TARGETED_DEVICE_FAMILY = "1,2";
			};
			name = Debug;
		};
		40D14CD522F760C400A5A1CA /* Release */ = {
			isa = XCBuildConfiguration;
			buildSettings = {
				ASSETCATALOG_COMPILER_APPICON_NAME = AppIcon;
				CODE_SIGN_STYLE = Manual;
				DEVELOPMENT_ASSET_PATHS = "CatCorner/Preview\\ Content";
				DEVELOPMENT_TEAM = "";
				ENABLE_PREVIEWS = YES;
				INFOPLIST_FILE = CatCorner/Info.plist;
				LD_RUNPATH_SEARCH_PATHS = (
					"$(inherited)",
					"@executable_path/Frameworks",
				);
				PRODUCT_BUNDLE_IDENTIFIER = "";
				PRODUCT_NAME = "$(TARGET_NAME)";
				PROVISIONING_PROFILE_SPECIFIER = "";
				SWIFT_VERSION = 5.0;
				TARGETED_DEVICE_FAMILY = "1,2";
			};
			name = Release;
		};
/* End XCBuildConfiguration section */

/* Begin XCConfigurationList section */
		40D14CBA22F760C200A5A1CA /* Build configuration list for PBXProject "CatCorner" */ = {
			isa = XCConfigurationList;
			buildConfigurations = (
				40D14CD122F760C400A5A1CA /* Debug */,
				40D14CD222F760C400A5A1CA /* Release */,
			);
			defaultConfigurationIsVisible = 0;
			defaultConfigurationName = Release;
		};
		40D14CD322F760C400A5A1CA /* Build configuration list for PBXNativeTarget "CatCorner" */ = {
			isa = XCConfigurationList;
			buildConfigurations = (
				40D14CD422F760C400A5A1CA /* Debug */,
				40D14CD522F760C400A5A1CA /* Release */,
			);
			defaultConfigurationIsVisible = 0;
			defaultConfigurationName = Release;
		};
/* End XCConfigurationList section */
	};
	rootObject = 40D14CB722F760C200A5A1CA /* Project object */;
}
